
Microsoft Visual Studio Solution File, Format Version 12.00
# Visual Studio Version 17
VisualStudioVersion = 17.10.34928.147
MinimumVisualStudioVersion = 10.0.40219.1
Project("{8BC9CEB8-8B4A-11D0-8D11-00A0C91BC942}") = "Shop Keeper", "Shop Keeper.vcxproj", "{2D29ACCC-A8BB-4E4A-877C-51D12AD20C35}"
EndProject
Global
	GlobalSection(SolutionConfigurationPlatforms) = preSolution
		Debug|x64 = Debug|x64
		Debug|x86 = Debug|x86
		Release|x64 = Release|x64
		Release|x86 = Release|x86
	EndGlobalSection
	GlobalSection(ProjectConfigurationPlatforms) = postSolution
		{2D29ACCC-A8BB-4E4A-877C-51D12AD20C35}.Debug|x64.ActiveCfg = Debug|x64
		{2D29ACCC-A8BB-4E4A-877C-51D12AD20C35}.Debug|x64.Build.0 = Debug|x64
		{2D29ACCC-A8BB-4E4A-877C-51D12AD20C35}.Debug|x86.ActiveCfg = Debug|Win32
		{2D29ACCC-A8BB-4E4A-877C-51D12AD20C35}.Debug|x86.Build.0 = Debug|Win32
		{2D29ACCC-A8BB-4E4A-877C-51D12AD20C35}.Release|x64.ActiveCfg = Release|x64
		{2D29ACCC-A8BB-4E4A-877C-51D12AD20C35}.Release|x64.Build.0 = Release|x64
		{2D29ACCC-A8BB-4E4A-877C-51D12AD20C35}.Release|x86.ActiveCfg = Release|Win32
		{2D29ACCC-A8BB-4E4A-877C-51D12AD20C35}.Release|x86.Build.0 = Release|Win32
	EndGlobalSection
	GlobalSection(SolutionProperties) = preSolution
		HideSolutionNode = FALSE
	EndGlobalSection
	GlobalSection(ExtensibilityGlobals) = postSolution
		SolutionGuid = {E303512C-83A2-4FC3-98D7-7649AA9282FB}
	EndGlobalSection
EndGlobal
